// !$*UTF8*$!
{
	archiveVersion = 1;
	classes = {
	};
	objectVersion = 56;
	objects = {

/* Begin PBXBuildFile section */
		4CEF2EC72D65EDC80089723C /* ZTM_DSAApp.swift in Sources */ = {isa = PBXBuildFile; fileRef = 4CEF2EC62D65EDC80089723C /* ZTM_DSAApp.swift */; };
		4CEF2EC92D65EDC80089723C /* ContentView.swift in Sources */ = {isa = PBXBuildFile; fileRef = 4CEF2EC82D65EDC80089723C /* ContentView.swift */; };
		4CEF2ECB2D65EDCA0089723C /* Assets.xcassets in Resources */ = {isa = PBXBuildFile; fileRef = 4CEF2ECA2D65EDCA0089723C /* Assets.xcassets */; };
		4CEF2ECE2D65EDCA0089723C /* Preview Assets.xcassets in Resources */ = {isa = PBXBuildFile; fileRef = 4CEF2ECD2D65EDCA0089723C /* Preview Assets.xcassets */; };
		4CEF2ED52D6AE87E0089723C /* AllPairsOfAnArray.swift in Sources */ = {isa = PBXBuildFile; fileRef = 4CEF2ED42D6AE87E0089723C /* AllPairsOfAnArray.swift */; };
		4CEF2ED72D6AE8CE0089723C /* SumOfTwoElementsEqualsTo.swift in Sources */ = {isa = PBXBuildFile; fileRef = 4CEF2ED62D6AE8CE0089723C /* SumOfTwoElementsEqualsTo.swift */; };
		4CEF2ED92D7974130089723C /* MyArray.swift in Sources */ = {isa = PBXBuildFile; fileRef = 4CEF2ED82D7974130089723C /* MyArray.swift */; };
		4CEF2EDC2D7AC2480089723C /* MaximumSubArray.swift in Sources */ = {isa = PBXBuildFile; fileRef = 4CEF2EDB2D7AC2480089723C /* MaximumSubArray.swift */; };
/* End PBXBuildFile section */

/* Begin PBXFileReference section */
		4CEF2EC32D65EDC80089723C /* ZTM-DSA.app */ = {isa = PBXFileReference; explicitFileType = wrapper.application; includeInIndex = 0; path = "ZTM-DSA.app"; sourceTree = BUILT_PRODUCTS_DIR; };
		4CEF2EC62D65EDC80089723C /* ZTM_DSAApp.swift */ = {isa = PBXFileReference; lastKnownFileType = sourcecode.swift; path = ZTM_DSAApp.swift; sourceTree = "<group>"; };
		4CEF2EC82D65EDC80089723C /* ContentView.swift */ = {isa = PBXFileReference; lastKnownFileType = sourcecode.swift; path = ContentView.swift; sourceTree = "<group>"; };
		4CEF2ECA2D65EDCA0089723C /* Assets.xcassets */ = {isa = PBXFileReference; lastKnownFileType = folder.assetcatalog; path = Assets.xcassets; sourceTree = "<group>"; };
		4CEF2ECD2D65EDCA0089723C /* Preview Assets.xcassets */ = {isa = PBXFileReference; lastKnownFileType = folder.assetcatalog; path = "Preview Assets.xcassets"; sourceTree = "<group>"; };
		4CEF2ED42D6AE87E0089723C /* AllPairsOfAnArray.swift */ = {isa = PBXFileReference; lastKnownFileType = sourcecode.swift; path = AllPairsOfAnArray.swift; sourceTree = "<group>"; };
		4CEF2ED62D6AE8CE0089723C /* SumOfTwoElementsEqualsTo.swift */ = {isa = PBXFileReference; lastKnownFileType = sourcecode.swift; path = SumOfTwoElementsEqualsTo.swift; sourceTree = "<group>"; };
		4CEF2ED82D7974130089723C /* MyArray.swift */ = {isa = PBXFileReference; lastKnownFileType = sourcecode.swift; path = MyArray.swift; sourceTree = "<group>"; };
		4CEF2EDB2D7AC2480089723C /* MaximumSubArray.swift */ = {isa = PBXFileReference; lastKnownFileType = sourcecode.swift; path = MaximumSubArray.swift; sourceTree = "<group>"; };
/* End PBXFileReference section */

/* Begin PBXFrameworksBuildPhase section */
		4CEF2EC02D65EDC80089723C /* Frameworks */ = {
			isa = PBXFrameworksBuildPhase;
			buildActionMask = 2147483647;
			files = (
			);
			runOnlyForDeploymentPostprocessing = 0;
		};
/* End PBXFrameworksBuildPhase section */

/* Begin PBXGroup section */
		4CEF2EBA2D65EDC80089723C = {
			isa = PBXGroup;
			children = (
				4CEF2EC52D65EDC80089723C /* ZTM-DSA */,
				4CEF2EC42D65EDC80089723C /* Products */,
			);
			sourceTree = "<group>";
		};
		4CEF2EC42D65EDC80089723C /* Products */ = {
			isa = PBXGroup;
			children = (
				4CEF2EC32D65EDC80089723C /* ZTM-DSA.app */,
			);
			name = Products;
			sourceTree = "<group>";
		};
		4CEF2EC52D65EDC80089723C /* ZTM-DSA */ = {
			isa = PBXGroup;
			children = (
				4CEF2EC62D65EDC80089723C /* ZTM_DSAApp.swift */,
				4CEF2EC82D65EDC80089723C /* ContentView.swift */,
				4CEF2ECA2D65EDCA0089723C /* Assets.xcassets */,
				4CEF2EDA2D7AC21E0089723C /* Array */,
				4CEF2ECC2D65EDCA0089723C /* Preview Content */,
			);
			path = "ZTM-DSA";
			sourceTree = "<group>";
		};
		4CEF2ECC2D65EDCA0089723C /* Preview Content */ = {
			isa = PBXGroup;
			children = (
				4CEF2ECD2D65EDCA0089723C /* Preview Assets.xcassets */,
			);
			path = "Preview Content";
			sourceTree = "<group>";
		};
		4CEF2EDA2D7AC21E0089723C /* Array */ = {
			isa = PBXGroup;
			children = (
				4CEF2ED42D6AE87E0089723C /* AllPairsOfAnArray.swift */,
				4CEF2ED62D6AE8CE0089723C /* SumOfTwoElementsEqualsTo.swift */,
				4CEF2ED82D7974130089723C /* MyArray.swift */,
				4CEF2EDB2D7AC2480089723C /* MaximumSubArray.swift */,
			);
			path = Array;
			sourceTree = "<group>";
		};
/* End PBXGroup section */

/* Begin PBXNativeTarget section */
		4CEF2EC22D65EDC80089723C /* ZTM-DSA */ = {
			isa = PBXNativeTarget;
			buildConfigurationList = 4CEF2ED12D65EDCA0089723C /* Build configuration list for PBXNativeTarget "ZTM-DSA" */;
			buildPhases = (
				4CEF2EBF2D65EDC80089723C /* Sources */,
				4CEF2EC02D65EDC80089723C /* Frameworks */,
				4CEF2EC12D65EDC80089723C /* Resources */,
			);
			buildRules = (
			);
			dependencies = (
			);
			name = "ZTM-DSA";
			productName = "ZTM-DSA";
			productReference = 4CEF2EC32D65EDC80089723C /* ZTM-DSA.app */;
			productType = "com.apple.product-type.application";
		};
/* End PBXNativeTarget section */

/* Begin PBXProject section */
		4CEF2EBB2D65EDC80089723C /* Project object */ = {
			isa = PBXProject;
			attributes = {
				BuildIndependentTargetsInParallel = 1;
				LastSwiftUpdateCheck = 1540;
				LastUpgradeCheck = 1540;
				TargetAttributes = {
					4CEF2EC22D65EDC80089723C = {
						CreatedOnToolsVersion = 15.4;
					};
				};
			};
			buildConfigurationList = 4CEF2EBE2D65EDC80089723C /* Build configuration list for PBXProject "ZTM-DSA" */;
			compatibilityVersion = "Xcode 14.0";
			developmentRegion = en;
			hasScannedForEncodings = 0;
			knownRegions = (
				en,
				Base,
			);
			mainGroup = 4CEF2EBA2D65EDC80089723C;
			productRefGroup = 4CEF2EC42D65EDC80089723C /* Products */;
			projectDirPath = "";
			projectRoot = "";
			targets = (
				4CEF2EC22D65EDC80089723C /* ZTM-DSA */,
			);
		};
/* End PBXProject section */

/* Begin PBXResourcesBuildPhase section */
		4CEF2EC12D65EDC80089723C /* Resources */ = {
			isa = PBXResourcesBuildPhase;
			buildActionMask = 2147483647;
			files = (
				4CEF2ECE2D65EDCA0089723C /* Preview Assets.xcassets in Resources */,
				4CEF2ECB2D65EDCA0089723C /* Assets.xcassets in Resources */,
			);
			runOnlyForDeploymentPostprocessing = 0;
		};
/* End PBXResourcesBuildPhase section */

/* Begin PBXSourcesBuildPhase section */
		4CEF2EBF2D65EDC80089723C /* Sources */ = {
			isa = PBXSourcesBuildPhase;
			buildActionMask = 2147483647;
			files = (
				4CEF2ED72D6AE8CE0089723C /* SumOfTwoElementsEqualsTo.swift in Sources */,
				4CEF2EC92D65EDC80089723C /* ContentView.swift in Sources */,
				4CEF2ED52D6AE87E0089723C /* AllPairsOfAnArray.swift in Sources */,
				4CEF2EDC2D7AC2480089723C /* MaximumSubArray.swift in Sources */,
				4CEF2EC72D65EDC80089723C /* ZTM_DSAApp.swift in Sources */,
				4CEF2ED92D7974130089723C /* MyArray.swift in Sources */,
			);
			runOnlyForDeploymentPostprocessing = 0;
		};
/* End PBXSourcesBuildPhase section */

/* Begin XCBuildConfiguration section */
		4CEF2ECF2D65EDCA0089723C /* Debug */ = {
			isa = XCBuildConfiguration;
			buildSettings = {
				ALWAYS_SEARCH_USER_PATHS = NO;
				ASSETCATALOG_COMPILER_GENERATE_SWIFT_ASSET_SYMBOL_EXTENSIONS = YES;
				CLANG_ANALYZER_NONNULL = YES;
				CLANG_ANALYZER_NUMBER_OBJECT_CONVERSION = YES_AGGRESSIVE;
				CLANG_CXX_LANGUAGE_STANDARD = "gnu++20";
				CLANG_ENABLE_MODULES = YES;
				CLANG_ENABLE_OBJC_ARC = YES;
				CLANG_ENABLE_OBJC_WEAK = YES;
				CLANG_WARN_BLOCK_CAPTURE_AUTORELEASING = YES;
				CLANG_WARN_BOOL_CONVERSION = YES;
				CLANG_WARN_COMMA = YES;
				CLANG_WARN_CONSTANT_CONVERSION = YES;
				CLANG_WARN_DEPRECATED_OBJC_IMPLEMENTATIONS = YES;
				CLANG_WARN_DIRECT_OBJC_ISA_USAGE = YES_ERROR;
				CLANG_WARN_DOCUMENTATION_COMMENTS = YES;
				CLANG_WARN_EMPTY_BODY = YES;
				CLANG_WARN_ENUM_CONVERSION = YES;
				CLANG_WARN_INFINITE_RECURSION = YES;
				CLANG_WARN_INT_CONVERSION = YES;
				CLANG_WARN_NON_LITERAL_NULL_CONVERSION = YES;
				CLANG_WARN_OBJC_IMPLICIT_RETAIN_SELF = YES;
				CLANG_WARN_OBJC_LITERAL_CONVERSION = YES;
				CLANG_WARN_OBJC_ROOT_CLASS = YES_ERROR;
				CLANG_WARN_QUOTED_INCLUDE_IN_FRAMEWORK_HEADER = YES;
				CLANG_WARN_RANGE_LOOP_ANALYSIS = YES;
				CLANG_WARN_STRICT_PROTOTYPES = YES;
				CLANG_WARN_SUSPICIOUS_MOVE = YES;
				CLANG_WARN_UNGUARDED_AVAILABILITY = YES_AGGRESSIVE;
				CLANG_WARN_UNREACHABLE_CODE = YES;
				CLANG_WARN__DUPLICATE_METHOD_MATCH = YES;
				COPY_PHASE_STRIP = NO;
				DEBUG_INFORMATION_FORMAT = dwarf;
				ENABLE_STRICT_OBJC_MSGSEND = YES;
				ENABLE_TESTABILITY = YES;
				ENABLE_USER_SCRIPT_SANDBOXING = YES;
				GCC_C_LANGUAGE_STANDARD = gnu17;
				GCC_DYNAMIC_NO_PIC = NO;
				GCC_NO_COMMON_BLOCKS = YES;
				GCC_OPTIMIZATION_LEVEL = 0;
				GCC_PREPROCESSOR_DEFINITIONS = (
					"DEBUG=1",
					"$(inherited)",
				);
				GCC_WARN_64_TO_32_BIT_CONVERSION = YES;
				GCC_WARN_ABOUT_RETURN_TYPE = YES_ERROR;
				GCC_WARN_UNDECLARED_SELECTOR = YES;
				GCC_WARN_UNINITIALIZED_AUTOS = YES_AGGRESSIVE;
				GCC_WARN_UNUSED_FUNCTION = YES;
				GCC_WARN_UNUSED_VARIABLE = YES;
				IPHONEOS_DEPLOYMENT_TARGET = 17.5;
				LOCALIZATION_PREFERS_STRING_CATALOGS = YES;
				MTL_ENABLE_DEBUG_INFO = INCLUDE_SOURCE;
				MTL_FAST_MATH = YES;
				ONLY_ACTIVE_ARCH = YES;
				SDKROOT = iphoneos;
				SWIFT_ACTIVE_COMPILATION_CONDITIONS = "DEBUG $(inherited)";
				SWIFT_OPTIMIZATION_LEVEL = "-Onone";
			};
			name = Debug;
		};
		4CEF2ED02D65EDCA0089723C /* Release */ = {
			isa = XCBuildConfiguration;
			buildSettings = {
				ALWAYS_SEARCH_USER_PATHS = NO;
				ASSETCATALOG_COMPILER_GENERATE_SWIFT_ASSET_SYMBOL_EXTENSIONS = YES;
				CLANG_ANALYZER_NONNULL = YES;
				CLANG_ANALYZER_NUMBER_OBJECT_CONVERSION = YES_AGGRESSIVE;
				CLANG_CXX_LANGUAGE_STANDARD = "gnu++20";
				CLANG_ENABLE_MODULES = YES;
				CLANG_ENABLE_OBJC_ARC = YES;
				CLANG_ENABLE_OBJC_WEAK = YES;
				CLANG_WARN_BLOCK_CAPTURE_AUTORELEASING = YES;
				CLANG_WARN_BOOL_CONVERSION = YES;
				CLANG_WARN_COMMA = YES;
				CLANG_WARN_CONSTANT_CONVERSION = YES;
				CLANG_WARN_DEPRECATED_OBJC_IMPLEMENTATIONS = YES;
				CLANG_WARN_DIRECT_OBJC_ISA_USAGE = YES_ERROR;
				CLANG_WARN_DOCUMENTATION_COMMENTS = YES;
				CLANG_WARN_EMPTY_BODY = YES;
				CLANG_WARN_ENUM_CONVERSION = YES;
				CLANG_WARN_INFINITE_RECURSION = YES;
				CLANG_WARN_INT_CONVERSION = YES;
				CLANG_WARN_NON_LITERAL_NULL_CONVERSION = YES;
				CLANG_WARN_OBJC_IMPLICIT_RETAIN_SELF = YES;
				CLANG_WARN_OBJC_LITERAL_CONVERSION = YES;
				CLANG_WARN_OBJC_ROOT_CLASS = YES_ERROR;
				CLANG_WARN_QUOTED_INCLUDE_IN_FRAMEWORK_HEADER = YES;
				CLANG_WARN_RANGE_LOOP_ANALYSIS = YES;
				CLANG_WARN_STRICT_PROTOTYPES = YES;
				CLANG_WARN_SUSPICIOUS_MOVE = YES;
				CLANG_WARN_UNGUARDED_AVAILABILITY = YES_AGGRESSIVE;
				CLANG_WARN_UNREACHABLE_CODE = YES;
				CLANG_WARN__DUPLICATE_METHOD_MATCH = YES;
				COPY_PHASE_STRIP = NO;
				DEBUG_INFORMATION_FORMAT = "dwarf-with-dsym";
				ENABLE_NS_ASSERTIONS = NO;
				ENABLE_STRICT_OBJC_MSGSEND = YES;
				ENABLE_USER_SCRIPT_SANDBOXING = YES;
				GCC_C_LANGUAGE_STANDARD = gnu17;
				GCC_NO_COMMON_BLOCKS = YES;
				GCC_WARN_64_TO_32_BIT_CONVERSION = YES;
				GCC_WARN_ABOUT_RETURN_TYPE = YES_ERROR;
				GCC_WARN_UNDECLARED_SELECTOR = YES;
				GCC_WARN_UNINITIALIZED_AUTOS = YES_AGGRESSIVE;
				GCC_WARN_UNUSED_FUNCTION = YES;
				GCC_WARN_UNUSED_VARIABLE = YES;
				IPHONEOS_DEPLOYMENT_TARGET = 17.5;
				LOCALIZATION_PREFERS_STRING_CATALOGS = YES;
				MTL_ENABLE_DEBUG_INFO = NO;
				MTL_FAST_MATH = YES;
				SDKROOT = iphoneos;
				SWIFT_COMPILATION_MODE = wholemodule;
				VALIDATE_PRODUCT = YES;
			};
			name = Release;
		};
		4CEF2ED22D65EDCA0089723C /* Debug */ = {
			isa = XCBuildConfiguration;
			buildSettings = {
				ASSETCATALOG_COMPILER_APPICON_NAME = AppIcon;
				ASSETCATALOG_COMPILER_GLOBAL_ACCENT_COLOR_NAME = AccentColor;
				CODE_SIGN_STYLE = Automatic;
				CURRENT_PROJECT_VERSION = 1;
				DEVELOPMENT_ASSET_PATHS = "\"ZTM-DSA/Preview Content\"";
				DEVELOPMENT_TEAM = K9LHQY4M38;
				ENABLE_PREVIEWS = YES;
				GENERATE_INFOPLIST_FILE = YES;
				INFOPLIST_KEY_UIApplicationSceneManifest_Generation = YES;
				INFOPLIST_KEY_UIApplicationSupportsIndirectInputEvents = YES;
				INFOPLIST_KEY_UILaunchScreen_Generation = YES;
				INFOPLIST_KEY_UISupportedInterfaceOrientations_iPad = "UIInterfaceOrientationPortrait UIInterfaceOrientationPortraitUpsideDown UIInterfaceOrientationLandscapeLeft UIInterfaceOrientationLandscapeRight";
				INFOPLIST_KEY_UISupportedInterfaceOrientations_iPhone = "UIInterfaceOrientationPortrait UIInterfaceOrientationLandscapeLeft UIInterfaceOrientationLandscapeRight";
				LD_RUNPATH_SEARCH_PATHS = (
					"$(inherited)",
					"@executable_path/Frameworks",
				);
				MARKETING_VERSION = 1.0;
				PRODUCT_BUNDLE_IDENTIFIER = "com.hamzaamin.systems.ZTM-DSA";
				PRODUCT_NAME = "$(TARGET_NAME)";
				SWIFT_EMIT_LOC_STRINGS = YES;
				SWIFT_VERSION = 5.0;
				TARGETED_DEVICE_FAMILY = "1,2";
			};
			name = Debug;
		};
		4CEF2ED32D65EDCA0089723C /* Release */ = {
			isa = XCBuildConfiguration;
			buildSettings = {
				ASSETCATALOG_COMPILER_APPICON_NAME = AppIcon;
				ASSETCATALOG_COMPILER_GLOBAL_ACCENT_COLOR_NAME = AccentColor;
				CODE_SIGN_STYLE = Automatic;
				CURRENT_PROJECT_VERSION = 1;
				DEVELOPMENT_ASSET_PATHS = "\"ZTM-DSA/Preview Content\"";
				DEVELOPMENT_TEAM = K9LHQY4M38;
				ENABLE_PREVIEWS = YES;
				GENERATE_INFOPLIST_FILE = YES;
				INFOPLIST_KEY_UIApplicationSceneManifest_Generation = YES;
				INFOPLIST_KEY_UIApplicationSupportsIndirectInputEvents = YES;
				INFOPLIST_KEY_UILaunchScreen_Generation = YES;
				INFOPLIST_KEY_UISupportedInterfaceOrientations_iPad = "UIInterfaceOrientationPortrait UIInterfaceOrientationPortraitUpsideDown UIInterfaceOrientationLandscapeLeft UIInterfaceOrientationLandscapeRight";
				INFOPLIST_KEY_UISupportedInterfaceOrientations_iPhone = "UIInterfaceOrientationPortrait UIInterfaceOrientationLandscapeLeft UIInterfaceOrientationLandscapeRight";
				LD_RUNPATH_SEARCH_PATHS = (
					"$(inherited)",
					"@executable_path/Frameworks",
				);
				MARKETING_VERSION = 1.0;
				PRODUCT_BUNDLE_IDENTIFIER = "com.hamzaamin.systems.ZTM-DSA";
				PRODUCT_NAME = "$(TARGET_NAME)";
				SWIFT_EMIT_LOC_STRINGS = YES;
				SWIFT_VERSION = 5.0;
				TARGETED_DEVICE_FAMILY = "1,2";
			};
			name = Release;
		};
/* End XCBuildConfiguration section */

/* Begin XCConfigurationList section */
		4CEF2EBE2D65EDC80089723C /* Build configuration list for PBXProject "ZTM-DSA" */ = {
			isa = XCConfigurationList;
			buildConfigurations = (
				4CEF2ECF2D65EDCA0089723C /* Debug */,
				4CEF2ED02D65EDCA0089723C /* Release */,
			);
			defaultConfigurationIsVisible = 0;
			defaultConfigurationName = Release;
		};
		4CEF2ED12D65EDCA0089723C /* Build configuration list for PBXNativeTarget "ZTM-DSA" */ = {
			isa = XCConfigurationList;
			buildConfigurations = (
				4CEF2ED22D65EDCA0089723C /* Debug */,
				4CEF2ED32D65EDCA0089723C /* Release */,
			);
			defaultConfigurationIsVisible = 0;
			defaultConfigurationName = Release;
		};
/* End XCConfigurationList section */
	};
	rootObject = 4CEF2EBB2D65EDC80089723C /* Project object */;
}
